
Microsoft Visual Studio Solution File, Format Version 12.00
# Visual Studio Version 17
VisualStudioVersion = 17.13.35919.96
MinimumVisualStudioVersion = 10.0.40219.1
Project("{FAE04EC0-301F-11D3-BF4B-00C04F79EFBC}") = "Obsidian", "source\Obsidian\Obsidian.csproj", "{37B84949-B7E7-42AD-93F8-107FC134A53D}"
EndProject
Project("{FAE04EC0-301F-11D3-BF4B-00C04F79EFBC}") = "Obsidian.UnitTests", "source\Obsidian.UnitTests\Obsidian.UnitTests.csproj", "{CABBADBD-89D2-44FB-B79F-B65407C2B31A}"
EndProject
Project("{2150E333-8FDC-42A3-9474-1A3956D46DE8}") = "build", "build", "{02EA681E-C7D8-13C7-8484-4AC65E1B71E8}"
	ProjectSection(SolutionItems) = preProject
		.gitignore = .gitignore
		package-lock.json = package-lock.json
		package.json = package.json
		README.md = README.md
	EndProjectSection
EndProject
Project("{2150E333-8FDC-42A3-9474-1A3956D46DE8}") = "github", "github", "{B6A7A026-57EC-48E1-AF11-871FFA03944D}"
	ProjectSection(SolutionItems) = preProject
		.github\workflows\dotnet.yml = .github\workflows\dotnet.yml
	EndProjectSection
EndProject
Project("{2150E333-8FDC-42A3-9474-1A3956D46DE8}") = "source", "source", "{B8EFCA5F-814F-285C-A8CB-F00F14650265}"
EndProject
Project("{FAE04EC0-301F-11D3-BF4B-00C04F79EFBC}") = "Obsidian.DataAccess", "source\Obsidian.DataAccess\Obsidian.DataAccess.csproj", "{F8880CD7-73BD-4C28-ADCB-DCEEA6FDB3E9}"
EndProject
Global
	GlobalSection(SolutionConfigurationPlatforms) = preSolution
		Debug|Any CPU = Debug|Any CPU
		Debug|x64 = Debug|x64
		Debug|x86 = Debug|x86
		Release|Any CPU = Release|Any CPU
		Release|x64 = Release|x64
		Release|x86 = Release|x86
	EndGlobalSection
	GlobalSection(ProjectConfigurationPlatforms) = postSolution
		{37B84949-B7E7-42AD-93F8-107FC134A53D}.Debug|Any CPU.ActiveCfg = Debug|Any CPU
		{37B84949-B7E7-42AD-93F8-107FC134A53D}.Debug|Any CPU.Build.0 = Debug|Any CPU
		{37B84949-B7E7-42AD-93F8-107FC134A53D}.Debug|x64.ActiveCfg = Debug|Any CPU
		{37B84949-B7E7-42AD-93F8-107FC134A53D}.Debug|x64.Build.0 = Debug|Any CPU
		{37B84949-B7E7-42AD-93F8-107FC134A53D}.Debug|x86.ActiveCfg = Debug|Any CPU
		{37B84949-B7E7-42AD-93F8-107FC134A53D}.Debug|x86.Build.0 = Debug|Any CPU
		{37B84949-B7E7-42AD-93F8-107FC134A53D}.Release|Any CPU.ActiveCfg = Release|Any CPU
		{37B84949-B7E7-42AD-93F8-107FC134A53D}.Release|Any CPU.Build.0 = Release|Any CPU
		{37B84949-B7E7-42AD-93F8-107FC134A53D}.Release|x64.ActiveCfg = Release|Any CPU
		{37B84949-B7E7-42AD-93F8-107FC134A53D}.Release|x64.Build.0 = Release|Any CPU
		{37B84949-B7E7-42AD-93F8-107FC134A53D}.Release|x86.ActiveCfg = Release|Any CPU
		{37B84949-B7E7-42AD-93F8-107FC134A53D}.Release|x86.Build.0 = Release|Any CPU
		{CABBADBD-89D2-44FB-B79F-B65407C2B31A}.Debug|Any CPU.ActiveCfg = Debug|Any CPU
		{CABBADBD-89D2-44FB-B79F-B65407C2B31A}.Debug|Any CPU.Build.0 = Debug|Any CPU
		{CABBADBD-89D2-44FB-B79F-B65407C2B31A}.Debug|x64.ActiveCfg = Debug|Any CPU
		{CABBADBD-89D2-44FB-B79F-B65407C2B31A}.Debug|x64.Build.0 = Debug|Any CPU
		{CABBADBD-89D2-44FB-B79F-B65407C2B31A}.Debug|x86.ActiveCfg = Debug|Any CPU
		{CABBADBD-89D2-44FB-B79F-B65407C2B31A}.Debug|x86.Build.0 = Debug|Any CPU
		{CABBADBD-89D2-44FB-B79F-B65407C2B31A}.Release|Any CPU.ActiveCfg = Release|Any CPU
		{CABBADBD-89D2-44FB-B79F-B65407C2B31A}.Release|Any CPU.Build.0 = Release|Any CPU
		{CABBADBD-89D2-44FB-B79F-B65407C2B31A}.Release|x64.ActiveCfg = Release|Any CPU
		{CABBADBD-89D2-44FB-B79F-B65407C2B31A}.Release|x64.Build.0 = Release|Any CPU
		{CABBADBD-89D2-44FB-B79F-B65407C2B31A}.Release|x86.ActiveCfg = Release|Any CPU
		{CABBADBD-89D2-44FB-B79F-B65407C2B31A}.Release|x86.Build.0 = Release|Any CPU
		{F8880CD7-73BD-4C28-ADCB-DCEEA6FDB3E9}.Debug|Any CPU.ActiveCfg = Debug|Any CPU
		{F8880CD7-73BD-4C28-ADCB-DCEEA6FDB3E9}.Debug|Any CPU.Build.0 = Debug|Any CPU
		{F8880CD7-73BD-4C28-ADCB-DCEEA6FDB3E9}.Debug|x64.ActiveCfg = Debug|Any CPU
		{F8880CD7-73BD-4C28-ADCB-DCEEA6FDB3E9}.Debug|x64.Build.0 = Debug|Any CPU
		{F8880CD7-73BD-4C28-ADCB-DCEEA6FDB3E9}.Debug|x86.ActiveCfg = Debug|Any CPU
		{F8880CD7-73BD-4C28-ADCB-DCEEA6FDB3E9}.Debug|x86.Build.0 = Debug|Any CPU
		{F8880CD7-73BD-4C28-ADCB-DCEEA6FDB3E9}.Release|Any CPU.ActiveCfg = Release|Any CPU
		{F8880CD7-73BD-4C28-ADCB-DCEEA6FDB3E9}.Release|Any CPU.Build.0 = Release|Any CPU
		{F8880CD7-73BD-4C28-ADCB-DCEEA6FDB3E9}.Release|x64.ActiveCfg = Release|Any CPU
		{F8880CD7-73BD-4C28-ADCB-DCEEA6FDB3E9}.Release|x64.Build.0 = Release|Any CPU
		{F8880CD7-73BD-4C28-ADCB-DCEEA6FDB3E9}.Release|x86.ActiveCfg = Release|Any CPU
		{F8880CD7-73BD-4C28-ADCB-DCEEA6FDB3E9}.Release|x86.Build.0 = Release|Any CPU
	EndGlobalSection
	GlobalSection(SolutionProperties) = preSolution
		HideSolutionNode = FALSE
	EndGlobalSection
	GlobalSection(NestedProjects) = preSolution
		{F8880CD7-73BD-4C28-ADCB-DCEEA6FDB3E9} = {B8EFCA5F-814F-285C-A8CB-F00F14650265}
	EndGlobalSection
	GlobalSection(ExtensibilityGlobals) = postSolution
		SolutionGuid = {062EF0B2-C8B9-4FC5-9AAF-7A3C1249ECC0}
	EndGlobalSection
EndGlobal
